// !$*UTF8*$!
{
	archiveVersion = 1;
	classes = {
	};
	objectVersion = 56;
	objects = {

/* Begin PBXBuildFile section */
		F8583E5A29D0655200FB9B55 /* AppDelegate.swift in Sources */ = {isa = PBXBuildFile; fileRef = F8583E5929D0655200FB9B55 /* AppDelegate.swift */; };
		F8583E5C29D0655200FB9B55 /* SceneDelegate.swift in Sources */ = {isa = PBXBuildFile; fileRef = F8583E5B29D0655200FB9B55 /* SceneDelegate.swift */; };
		F8583E6129D0655200FB9B55 /* Main.storyboard in Resources */ = {isa = PBXBuildFile; fileRef = F8583E5F29D0655200FB9B55 /* Main.storyboard */; };
		F8583E6329D0655300FB9B55 /* Assets.xcassets in Resources */ = {isa = PBXBuildFile; fileRef = F8583E6229D0655300FB9B55 /* Assets.xcassets */; };
		F8583E6629D0655300FB9B55 /* LaunchScreen.storyboard in Resources */ = {isa = PBXBuildFile; fileRef = F8583E6429D0655300FB9B55 /* LaunchScreen.storyboard */; };
		F8583E7629D0665E00FB9B55 /* MainTabController.swift in Sources */ = {isa = PBXBuildFile; fileRef = F8583E7529D0665E00FB9B55 /* MainTabController.swift */; };
		F8583E7829D067D800FB9B55 /* FeedController.swift in Sources */ = {isa = PBXBuildFile; fileRef = F8583E7729D067D800FB9B55 /* FeedController.swift */; };
		F8583E7A29D067E800FB9B55 /* ExploreController.swift in Sources */ = {isa = PBXBuildFile; fileRef = F8583E7929D067E700FB9B55 /* ExploreController.swift */; };
		F8583E7C29D067F100FB9B55 /* NotificationController.swift in Sources */ = {isa = PBXBuildFile; fileRef = F8583E7B29D067F100FB9B55 /* NotificationController.swift */; };
		F8583E7E29D0680900FB9B55 /* ConversationController.swift in Sources */ = {isa = PBXBuildFile; fileRef = F8583E7D29D0680900FB9B55 /* ConversationController.swift */; };
/* End PBXBuildFile section */

/* Begin PBXFileReference section */
		F8583E5629D0655200FB9B55 /* TwitterClone.app */ = {isa = PBXFileReference; explicitFileType = wrapper.application; includeInIndex = 0; path = TwitterClone.app; sourceTree = BUILT_PRODUCTS_DIR; };
		F8583E5929D0655200FB9B55 /* AppDelegate.swift */ = {isa = PBXFileReference; lastKnownFileType = sourcecode.swift; path = AppDelegate.swift; sourceTree = "<group>"; };
		F8583E5B29D0655200FB9B55 /* SceneDelegate.swift */ = {isa = PBXFileReference; lastKnownFileType = sourcecode.swift; path = SceneDelegate.swift; sourceTree = "<group>"; };
		F8583E6029D0655200FB9B55 /* Base */ = {isa = PBXFileReference; lastKnownFileType = file.storyboard; name = Base; path = Base.lproj/Main.storyboard; sourceTree = "<group>"; };
		F8583E6229D0655300FB9B55 /* Assets.xcassets */ = {isa = PBXFileReference; lastKnownFileType = folder.assetcatalog; path = Assets.xcassets; sourceTree = "<group>"; };
		F8583E6529D0655300FB9B55 /* Base */ = {isa = PBXFileReference; lastKnownFileType = file.storyboard; name = Base; path = Base.lproj/LaunchScreen.storyboard; sourceTree = "<group>"; };
		F8583E6729D0655300FB9B55 /* Info.plist */ = {isa = PBXFileReference; lastKnownFileType = text.plist.xml; path = Info.plist; sourceTree = "<group>"; };
		F8583E7529D0665E00FB9B55 /* MainTabController.swift */ = {isa = PBXFileReference; lastKnownFileType = sourcecode.swift; path = MainTabController.swift; sourceTree = "<group>"; };
		F8583E7729D067D800FB9B55 /* FeedController.swift */ = {isa = PBXFileReference; lastKnownFileType = sourcecode.swift; path = FeedController.swift; sourceTree = "<group>"; };
		F8583E7929D067E700FB9B55 /* ExploreController.swift */ = {isa = PBXFileReference; lastKnownFileType = sourcecode.swift; path = ExploreController.swift; sourceTree = "<group>"; };
		F8583E7B29D067F100FB9B55 /* NotificationController.swift */ = {isa = PBXFileReference; lastKnownFileType = sourcecode.swift; path = NotificationController.swift; sourceTree = "<group>"; };
		F8583E7D29D0680900FB9B55 /* ConversationController.swift */ = {isa = PBXFileReference; lastKnownFileType = sourcecode.swift; path = ConversationController.swift; sourceTree = "<group>"; };
/* End PBXFileReference section */

/* Begin PBXFrameworksBuildPhase section */
		F8583E5329D0655200FB9B55 /* Frameworks */ = {
			isa = PBXFrameworksBuildPhase;
			buildActionMask = 2147483647;
			files = (
			);
			runOnlyForDeploymentPostprocessing = 0;
		};
/* End PBXFrameworksBuildPhase section */

/* Begin PBXGroup section */
		F8583E4D29D0655200FB9B55 = {
			isa = PBXGroup;
			children = (
				F8583E5829D0655200FB9B55 /* TwitterClone */,
				F8583E5729D0655200FB9B55 /* Products */,
			);
			sourceTree = "<group>";
		};
		F8583E5729D0655200FB9B55 /* Products */ = {
			isa = PBXGroup;
			children = (
				F8583E5629D0655200FB9B55 /* TwitterClone.app */,
			);
			name = Products;
			sourceTree = "<group>";
		};
		F8583E5829D0655200FB9B55 /* TwitterClone */ = {
			isa = PBXGroup;
			children = (
				F8583E7429D065EB00FB9B55 /* Model */,
				F8583E7329D065E900FB9B55 /* View */,
				F8583E7229D065E700FB9B55 /* ViewModel */,
				F8583E7129D065E500FB9B55 /* ViewController */,
				F8583E6E29D065DC00FB9B55 /* API */,
				F8583E6D29D065DA00FB9B55 /* Utils */,
				F8583E5929D0655200FB9B55 /* AppDelegate.swift */,
				F8583E5B29D0655200FB9B55 /* SceneDelegate.swift */,
				F8583E5F29D0655200FB9B55 /* Main.storyboard */,
				F8583E6229D0655300FB9B55 /* Assets.xcassets */,
				F8583E6429D0655300FB9B55 /* LaunchScreen.storyboard */,
				F8583E6729D0655300FB9B55 /* Info.plist */,
			);
			path = TwitterClone;
			sourceTree = "<group>";
		};
		F8583E6D29D065DA00FB9B55 /* Utils */ = {
			isa = PBXGroup;
			children = (
			);
			path = Utils;
			sourceTree = "<group>";
		};
		F8583E6E29D065DC00FB9B55 /* API */ = {
			isa = PBXGroup;
			children = (
			);
			path = API;
			sourceTree = "<group>";
		};
		F8583E7129D065E500FB9B55 /* ViewController */ = {
			isa = PBXGroup;
			children = (
				F8583E7529D0665E00FB9B55 /* MainTabController.swift */,
				F8583E7729D067D800FB9B55 /* FeedController.swift */,
				F8583E7929D067E700FB9B55 /* ExploreController.swift */,
				F8583E7B29D067F100FB9B55 /* NotificationController.swift */,
				F8583E7D29D0680900FB9B55 /* ConversationController.swift */,
			);
			path = ViewController;
			sourceTree = "<group>";
		};
		F8583E7229D065E700FB9B55 /* ViewModel */ = {
			isa = PBXGroup;
			children = (
			);
			path = ViewModel;
			sourceTree = "<group>";
		};
		F8583E7329D065E900FB9B55 /* View */ = {
			isa = PBXGroup;
			children = (
			);
			path = View;
			sourceTree = "<group>";
		};
		F8583E7429D065EB00FB9B55 /* Model */ = {
			isa = PBXGroup;
			children = (
			);
			path = Model;
			sourceTree = "<group>";
		};
/* End PBXGroup section */

/* Begin PBXNativeTarget section */
		F8583E5529D0655200FB9B55 /* TwitterClone */ = {
			isa = PBXNativeTarget;
			buildConfigurationList = F8583E6A29D0655300FB9B55 /* Build configuration list for PBXNativeTarget "TwitterClone" */;
			buildPhases = (
				F8583E5229D0655200FB9B55 /* Sources */,
				F8583E5329D0655200FB9B55 /* Frameworks */,
				F8583E5429D0655200FB9B55 /* Resources */,
			);
			buildRules = (
			);
			dependencies = (
			);
			name = TwitterClone;
			productName = TwitterClone;
			productReference = F8583E5629D0655200FB9B55 /* TwitterClone.app */;
			productType = "com.apple.product-type.application";
		};
/* End PBXNativeTarget section */

/* Begin PBXProject section */
		F8583E4E29D0655200FB9B55 /* Project object */ = {
			isa = PBXProject;
			attributes = {
				BuildIndependentTargetsInParallel = 1;
				LastSwiftUpdateCheck = 1420;
				LastUpgradeCheck = 1420;
				TargetAttributes = {
					F8583E5529D0655200FB9B55 = {
						CreatedOnToolsVersion = 14.2;
					};
				};
			};
			buildConfigurationList = F8583E5129D0655200FB9B55 /* Build configuration list for PBXProject "TwitterClone" */;
			compatibilityVersion = "Xcode 14.0";
			developmentRegion = en;
			hasScannedForEncodings = 0;
			knownRegions = (
				en,
				Base,
			);
			mainGroup = F8583E4D29D0655200FB9B55;
			productRefGroup = F8583E5729D0655200FB9B55 /* Products */;
			projectDirPath = "";
			projectRoot = "";
			targets = (
				F8583E5529D0655200FB9B55 /* TwitterClone */,
			);
		};
/* End PBXProject section */

/* Begin PBXResourcesBuildPhase section */
		F8583E5429D0655200FB9B55 /* Resources */ = {
			isa = PBXResourcesBuildPhase;
			buildActionMask = 2147483647;
			files = (
				F8583E6629D0655300FB9B55 /* LaunchScreen.storyboard in Resources */,
				F8583E6329D0655300FB9B55 /* Assets.xcassets in Resources */,
				F8583E6129D0655200FB9B55 /* Main.storyboard in Resources */,
			);
			runOnlyForDeploymentPostprocessing = 0;
		};
/* End PBXResourcesBuildPhase section */

/* Begin PBXSourcesBuildPhase section */
		F8583E5229D0655200FB9B55 /* Sources */ = {
			isa = PBXSourcesBuildPhase;
			buildActionMask = 2147483647;
			files = (
				F8583E5A29D0655200FB9B55 /* AppDelegate.swift in Sources */,
				F8583E7829D067D800FB9B55 /* FeedController.swift in Sources */,
				F8583E7C29D067F100FB9B55 /* NotificationController.swift in Sources */,
				F8583E7629D0665E00FB9B55 /* MainTabController.swift in Sources */,
				F8583E5C29D0655200FB9B55 /* SceneDelegate.swift in Sources */,
				F8583E7E29D0680900FB9B55 /* ConversationController.swift in Sources */,
				F8583E7A29D067E800FB9B55 /* ExploreController.swift in Sources */,
			);
			runOnlyForDeploymentPostprocessing = 0;
		};
/* End PBXSourcesBuildPhase section */

/* Begin PBXVariantGroup section */
		F8583E5F29D0655200FB9B55 /* Main.storyboard */ = {
			isa = PBXVariantGroup;
			children = (
				F8583E6029D0655200FB9B55 /* Base */,
			);
			name = Main.storyboard;
			sourceTree = "<group>";
		};
		F8583E6429D0655300FB9B55 /* LaunchScreen.storyboard */ = {
			isa = PBXVariantGroup;
			children = (
				F8583E6529D0655300FB9B55 /* Base */,
			);
			name = LaunchScreen.storyboard;
			sourceTree = "<group>";
		};
/* End PBXVariantGroup section */

/* Begin XCBuildConfiguration section */
		F8583E6829D0655300FB9B55 /* Debug */ = {
			isa = XCBuildConfiguration;
			buildSettings = {
				ALWAYS_SEARCH_USER_PATHS = NO;
				CLANG_ANALYZER_NONNULL = YES;
				CLANG_ANALYZER_NUMBER_OBJECT_CONVERSION = YES_AGGRESSIVE;
				CLANG_CXX_LANGUAGE_STANDARD = "gnu++20";
				CLANG_ENABLE_MODULES = YES;
				CLANG_ENABLE_OBJC_ARC = YES;
				CLANG_ENABLE_OBJC_WEAK = YES;
				CLANG_WARN_BLOCK_CAPTURE_AUTORELEASING = YES;
				CLANG_WARN_BOOL_CONVERSION = YES;
				CLANG_WARN_COMMA = YES;
				CLANG_WARN_CONSTANT_CONVERSION = YES;
				CLANG_WARN_DEPRECATED_OBJC_IMPLEMENTATIONS = YES;
				CLANG_WARN_DIRECT_OBJC_ISA_USAGE = YES_ERROR;
				CLANG_WARN_DOCUMENTATION_COMMENTS = YES;
				CLANG_WARN_EMPTY_BODY = YES;
				CLANG_WARN_ENUM_CONVERSION = YES;
				CLANG_WARN_INFINITE_RECURSION = YES;
				CLANG_WARN_INT_CONVERSION = YES;
				CLANG_WARN_NON_LITERAL_NULL_CONVERSION = YES;
				CLANG_WARN_OBJC_IMPLICIT_RETAIN_SELF = YES;
				CLANG_WARN_OBJC_LITERAL_CONVERSION = YES;
				CLANG_WARN_OBJC_ROOT_CLASS = YES_ERROR;
				CLANG_WARN_QUOTED_INCLUDE_IN_FRAMEWORK_HEADER = YES;
				CLANG_WARN_RANGE_LOOP_ANALYSIS = YES;
				CLANG_WARN_STRICT_PROTOTYPES = YES;
				CLANG_WARN_SUSPICIOUS_MOVE = YES;
				CLANG_WARN_UNGUARDED_AVAILABILITY = YES_AGGRESSIVE;
				CLANG_WARN_UNREACHABLE_CODE = YES;
				CLANG_WARN__DUPLICATE_METHOD_MATCH = YES;
				COPY_PHASE_STRIP = NO;
				DEBUG_INFORMATION_FORMAT = dwarf;
				ENABLE_STRICT_OBJC_MSGSEND = YES;
				ENABLE_TESTABILITY = YES;
				GCC_C_LANGUAGE_STANDARD = gnu11;
				GCC_DYNAMIC_NO_PIC = NO;
				GCC_NO_COMMON_BLOCKS = YES;
				GCC_OPTIMIZATION_LEVEL = 0;
				GCC_PREPROCESSOR_DEFINITIONS = (
					"DEBUG=1",
					"$(inherited)",
				);
				GCC_WARN_64_TO_32_BIT_CONVERSION = YES;
				GCC_WARN_ABOUT_RETURN_TYPE = YES_ERROR;
				GCC_WARN_UNDECLARED_SELECTOR = YES;
				GCC_WARN_UNINITIALIZED_AUTOS = YES_AGGRESSIVE;
				GCC_WARN_UNUSED_FUNCTION = YES;
				GCC_WARN_UNUSED_VARIABLE = YES;
				IPHONEOS_DEPLOYMENT_TARGET = 16.2;
				MTL_ENABLE_DEBUG_INFO = INCLUDE_SOURCE;
				MTL_FAST_MATH = YES;
				ONLY_ACTIVE_ARCH = YES;
				SDKROOT = iphoneos;
				SWIFT_ACTIVE_COMPILATION_CONDITIONS = DEBUG;
				SWIFT_OPTIMIZATION_LEVEL = "-Onone";
			};
			name = Debug;
		};
		F8583E6929D0655300FB9B55 /* Release */ = {
			isa = XCBuildConfiguration;
			buildSettings = {
				ALWAYS_SEARCH_USER_PATHS = NO;
				CLANG_ANALYZER_NONNULL = YES;
				CLANG_ANALYZER_NUMBER_OBJECT_CONVERSION = YES_AGGRESSIVE;
				CLANG_CXX_LANGUAGE_STANDARD = "gnu++20";
				CLANG_ENABLE_MODULES = YES;
				CLANG_ENABLE_OBJC_ARC = YES;
				CLANG_ENABLE_OBJC_WEAK = YES;
				CLANG_WARN_BLOCK_CAPTURE_AUTORELEASING = YES;
				CLANG_WARN_BOOL_CONVERSION = YES;
				CLANG_WARN_COMMA = YES;
				CLANG_WARN_CONSTANT_CONVERSION = YES;
				CLANG_WARN_DEPRECATED_OBJC_IMPLEMENTATIONS = YES;
				CLANG_WARN_DIRECT_OBJC_ISA_USAGE = YES_ERROR;
				CLANG_WARN_DOCUMENTATION_COMMENTS = YES;
				CLANG_WARN_EMPTY_BODY = YES;
				CLANG_WARN_ENUM_CONVERSION = YES;
				CLANG_WARN_INFINITE_RECURSION = YES;
				CLANG_WARN_INT_CONVERSION = YES;
				CLANG_WARN_NON_LITERAL_NULL_CONVERSION = YES;
				CLANG_WARN_OBJC_IMPLICIT_RETAIN_SELF = YES;
				CLANG_WARN_OBJC_LITERAL_CONVERSION = YES;
				CLANG_WARN_OBJC_ROOT_CLASS = YES_ERROR;
				CLANG_WARN_QUOTED_INCLUDE_IN_FRAMEWORK_HEADER = YES;
				CLANG_WARN_RANGE_LOOP_ANALYSIS = YES;
				CLANG_WARN_STRICT_PROTOTYPES = YES;
				CLANG_WARN_SUSPICIOUS_MOVE = YES;
				CLANG_WARN_UNGUARDED_AVAILABILITY = YES_AGGRESSIVE;
				CLANG_WARN_UNREACHABLE_CODE = YES;
				CLANG_WARN__DUPLICATE_METHOD_MATCH = YES;
				COPY_PHASE_STRIP = NO;
				DEBUG_INFORMATION_FORMAT = "dwarf-with-dsym";
				ENABLE_NS_ASSERTIONS = NO;
				ENABLE_STRICT_OBJC_MSGSEND = YES;
				GCC_C_LANGUAGE_STANDARD = gnu11;
				GCC_NO_COMMON_BLOCKS = YES;
				GCC_WARN_64_TO_32_BIT_CONVERSION = YES;
				GCC_WARN_ABOUT_RETURN_TYPE = YES_ERROR;
				GCC_WARN_UNDECLARED_SELECTOR = YES;
				GCC_WARN_UNINITIALIZED_AUTOS = YES_AGGRESSIVE;
				GCC_WARN_UNUSED_FUNCTION = YES;
				GCC_WARN_UNUSED_VARIABLE = YES;
				IPHONEOS_DEPLOYMENT_TARGET = 16.2;
				MTL_ENABLE_DEBUG_INFO = NO;
				MTL_FAST_MATH = YES;
				SDKROOT = iphoneos;
				SWIFT_COMPILATION_MODE = wholemodule;
				SWIFT_OPTIMIZATION_LEVEL = "-O";
				VALIDATE_PRODUCT = YES;
			};
			name = Release;
		};
		F8583E6B29D0655300FB9B55 /* Debug */ = {
			isa = XCBuildConfiguration;
			buildSettings = {
				ASSETCATALOG_COMPILER_APPICON_NAME = AppIcon;
				ASSETCATALOG_COMPILER_GLOBAL_ACCENT_COLOR_NAME = AccentColor;
				CODE_SIGN_STYLE = Automatic;
				CURRENT_PROJECT_VERSION = 1;
				DEVELOPMENT_TEAM = N59YMWWBBT;
				GENERATE_INFOPLIST_FILE = YES;
				INFOPLIST_FILE = TwitterClone/Info.plist;
				INFOPLIST_KEY_UIApplicationSupportsIndirectInputEvents = YES;
				INFOPLIST_KEY_UILaunchStoryboardName = LaunchScreen;
				INFOPLIST_KEY_UIMainStoryboardFile = Main;
				INFOPLIST_KEY_UISupportedInterfaceOrientations_iPad = "UIInterfaceOrientationPortrait UIInterfaceOrientationPortraitUpsideDown UIInterfaceOrientationLandscapeLeft UIInterfaceOrientationLandscapeRight";
				INFOPLIST_KEY_UISupportedInterfaceOrientations_iPhone = "UIInterfaceOrientationPortrait UIInterfaceOrientationLandscapeLeft UIInterfaceOrientationLandscapeRight";
				LD_RUNPATH_SEARCH_PATHS = (
					"$(inherited)",
					"@executable_path/Frameworks",
				);
				MARKETING_VERSION = 1.0;
				PRODUCT_BUNDLE_IDENTIFIER = burkaysendogdu.TwitterClone;
				PRODUCT_NAME = "$(TARGET_NAME)";
				SWIFT_EMIT_LOC_STRINGS = YES;
				SWIFT_VERSION = 5.0;
				TARGETED_DEVICE_FAMILY = "1,2";
			};
			name = Debug;
		};
		F8583E6C29D0655300FB9B55 /* Release */ = {
			isa = XCBuildConfiguration;
			buildSettings = {
				ASSETCATALOG_COMPILER_APPICON_NAME = AppIcon;
				ASSETCATALOG_COMPILER_GLOBAL_ACCENT_COLOR_NAME = AccentColor;
				CODE_SIGN_STYLE = Automatic;
				CURRENT_PROJECT_VERSION = 1;
				DEVELOPMENT_TEAM = N59YMWWBBT;
				GENERATE_INFOPLIST_FILE = YES;
				INFOPLIST_FILE = TwitterClone/Info.plist;
				INFOPLIST_KEY_UIApplicationSupportsIndirectInputEvents = YES;
				INFOPLIST_KEY_UILaunchStoryboardName = LaunchScreen;
				INFOPLIST_KEY_UIMainStoryboardFile = Main;
				INFOPLIST_KEY_UISupportedInterfaceOrientations_iPad = "UIInterfaceOrientationPortrait UIInterfaceOrientationPortraitUpsideDown UIInterfaceOrientationLandscapeLeft UIInterfaceOrientationLandscapeRight";
				INFOPLIST_KEY_UISupportedInterfaceOrientations_iPhone = "UIInterfaceOrientationPortrait UIInterfaceOrientationLandscapeLeft UIInterfaceOrientationLandscapeRight";
				LD_RUNPATH_SEARCH_PATHS = (
					"$(inherited)",
					"@executable_path/Frameworks",
				);
				MARKETING_VERSION = 1.0;
				PRODUCT_BUNDLE_IDENTIFIER = burkaysendogdu.TwitterClone;
				PRODUCT_NAME = "$(TARGET_NAME)";
				SWIFT_EMIT_LOC_STRINGS = YES;
				SWIFT_VERSION = 5.0;
				TARGETED_DEVICE_FAMILY = "1,2";
			};
			name = Release;
		};
/* End XCBuildConfiguration section */

/* Begin XCConfigurationList section */
		F8583E5129D0655200FB9B55 /* Build configuration list for PBXProject "TwitterClone" */ = {
			isa = XCConfigurationList;
			buildConfigurations = (
				F8583E6829D0655300FB9B55 /* Debug */,
				F8583E6929D0655300FB9B55 /* Release */,
			);
			defaultConfigurationIsVisible = 0;
			defaultConfigurationName = Release;
		};
		F8583E6A29D0655300FB9B55 /* Build configuration list for PBXNativeTarget "TwitterClone" */ = {
			isa = XCConfigurationList;
			buildConfigurations = (
				F8583E6B29D0655300FB9B55 /* Debug */,
				F8583E6C29D0655300FB9B55 /* Release */,
			);
			defaultConfigurationIsVisible = 0;
			defaultConfigurationName = Release;
		};
/* End XCConfigurationList section */
	};
	rootObject = F8583E4E29D0655200FB9B55 /* Project object */;
}
